
Microsoft Visual Studio Solution File, Format Version 12.00
# Visual Studio Version 17
VisualStudioVersion = 17.5.33627.172
MinimumVisualStudioVersion = 10.0.40219.1
Project("{FAE04EC0-301F-11D3-BF4B-00C04F79EFBC}") = "LawPavillionTest.API", "LawPavillionTest.API\LawPavillionTest.API.csproj", "{F7CE9D57-4498-487C-B620-136CA370D026}"
EndProject
Project("{FAE04EC0-301F-11D3-BF4B-00C04F79EFBC}") = "LawPavillionTest.Core", "LawPavillionTest.Core\LawPavillionTest.Core.csproj", "{5F96F4CD-ED74-4388-87DE-69F039C71443}"
EndProject
Project("{FAE04EC0-301F-11D3-BF4B-00C04F79EFBC}") = "LawPavillionTest.Domain", "LawPavillionTest.Domain\LawPavillionTest.Domain.csproj", "{209B12DD-19A0-4E5D-B39D-B3B7A3A4C932}"
EndProject
Project("{FAE04EC0-301F-11D3-BF4B-00C04F79EFBC}") = "LawPavillionTest.Persistence", "LawPavillionTest.Persistence\LawPavillionTest.Persistence.csproj", "{9CC48820-3A0A-4FC2-BF2F-AA0B33963049}"
EndProject
Global
	GlobalSection(SolutionConfigurationPlatforms) = preSolution
		Debug|Any CPU = Debug|Any CPU
		Release|Any CPU = Release|Any CPU
	EndGlobalSection
	GlobalSection(ProjectConfigurationPlatforms) = postSolution
		{F7CE9D57-4498-487C-B620-136CA370D026}.Debug|Any CPU.ActiveCfg = Debug|Any CPU
		{F7CE9D57-4498-487C-B620-136CA370D026}.Debug|Any CPU.Build.0 = Debug|Any CPU
		{F7CE9D57-4498-487C-B620-136CA370D026}.Release|Any CPU.ActiveCfg = Release|Any CPU
		{F7CE9D57-4498-487C-B620-136CA370D026}.Release|Any CPU.Build.0 = Release|Any CPU
		{5F96F4CD-ED74-4388-87DE-69F039C71443}.Debug|Any CPU.ActiveCfg = Debug|Any CPU
		{5F96F4CD-ED74-4388-87DE-69F039C71443}.Debug|Any CPU.Build.0 = Debug|Any CPU
		{5F96F4CD-ED74-4388-87DE-69F039C71443}.Release|Any CPU.ActiveCfg = Release|Any CPU
		{5F96F4CD-ED74-4388-87DE-69F039C71443}.Release|Any CPU.Build.0 = Release|Any CPU
		{209B12DD-19A0-4E5D-B39D-B3B7A3A4C932}.Debug|Any CPU.ActiveCfg = Debug|Any CPU
		{209B12DD-19A0-4E5D-B39D-B3B7A3A4C932}.Debug|Any CPU.Build.0 = Debug|Any CPU
		{209B12DD-19A0-4E5D-B39D-B3B7A3A4C932}.Release|Any CPU.ActiveCfg = Release|Any CPU
		{209B12DD-19A0-4E5D-B39D-B3B7A3A4C932}.Release|Any CPU.Build.0 = Release|Any CPU
		{9CC48820-3A0A-4FC2-BF2F-AA0B33963049}.Debug|Any CPU.ActiveCfg = Debug|Any CPU
		{9CC48820-3A0A-4FC2-BF2F-AA0B33963049}.Debug|Any CPU.Build.0 = Debug|Any CPU
		{9CC48820-3A0A-4FC2-BF2F-AA0B33963049}.Release|Any CPU.ActiveCfg = Release|Any CPU
		{9CC48820-3A0A-4FC2-BF2F-AA0B33963049}.Release|Any CPU.Build.0 = Release|Any CPU
	EndGlobalSection
	GlobalSection(SolutionProperties) = preSolution
		HideSolutionNode = FALSE
	EndGlobalSection
	GlobalSection(ExtensibilityGlobals) = postSolution
		SolutionGuid = {690CD39F-6DB6-4656-B339-1A4C0AF4E196}
	EndGlobalSection
EndGlobal
